
Microsoft Visual Studio Solution File, Format Version 12.00
# Visual Studio 15
VisualStudioVersion = 15.0.27428.2043
MinimumVisualStudioVersion = 10.0.40219.1
Project("{FAE04EC0-301F-11D3-BF4B-00C04F79EFBC}") = "StackPila", "StackPila\StackPila.csproj", "{DB49A375-41F6-41BE-8E25-195580AEB046}"
EndProject
Global
	GlobalSection(SolutionConfigurationPlatforms) = preSolution
		Debug|Any CPU = Debug|Any CPU
		Release|Any CPU = Release|Any CPU
	EndGlobalSection
	GlobalSection(ProjectConfigurationPlatforms) = postSolution
		{DB49A375-41F6-41BE-8E25-195580AEB046}.Debug|Any CPU.ActiveCfg = Debug|Any CPU
		{DB49A375-41F6-41BE-8E25-195580AEB046}.Debug|Any CPU.Build.0 = Debug|Any CPU
		{DB49A375-41F6-41BE-8E25-195580AEB046}.Release|Any CPU.ActiveCfg = Release|Any CPU
		{DB49A375-41F6-41BE-8E25-195580AEB046}.Release|Any CPU.Build.0 = Release|Any CPU
	EndGlobalSection
	GlobalSection(SolutionProperties) = preSolution
		HideSolutionNode = FALSE
	EndGlobalSection
	GlobalSection(ExtensibilityGlobals) = postSolution
		SolutionGuid = {8194399F-50BE-46BB-883C-A1D7291FF716}
	EndGlobalSection
EndGlobal
