
Microsoft Visual Studio Solution File, Format Version 12.00
# Visual Studio 15
VisualStudioVersion = 15.0.27703.2000
MinimumVisualStudioVersion = 10.0.40219.1
Project("{FAE04EC0-301F-11D3-BF4B-00C04F79EFBC}") = "OperadoresAritmeticos", "OperadoresAritmeticos\OperadoresAritmeticos.csproj", "{5BCAF008-27DA-49A8-8D0C-1750CBE8268E}"
EndProject
Global
	GlobalSection(SolutionConfigurationPlatforms) = preSolution
		Debug|Any CPU = Debug|Any CPU
		Release|Any CPU = Release|Any CPU
	EndGlobalSection
	GlobalSection(ProjectConfigurationPlatforms) = postSolution
		{5BCAF008-27DA-49A8-8D0C-1750CBE8268E}.Debug|Any CPU.ActiveCfg = Debug|Any CPU
		{5BCAF008-27DA-49A8-8D0C-1750CBE8268E}.Debug|Any CPU.Build.0 = Debug|Any CPU
		{5BCAF008-27DA-49A8-8D0C-1750CBE8268E}.Release|Any CPU.ActiveCfg = Release|Any CPU
		{5BCAF008-27DA-49A8-8D0C-1750CBE8268E}.Release|Any CPU.Build.0 = Release|Any CPU
	EndGlobalSection
	GlobalSection(SolutionProperties) = preSolution
		HideSolutionNode = FALSE
	EndGlobalSection
	GlobalSection(ExtensibilityGlobals) = postSolution
		SolutionGuid = {17BEBB8F-97D9-413C-9018-DB357D403FBA}
	EndGlobalSection
EndGlobal
