
Microsoft Visual Studio Solution File, Format Version 12.00
# Visual Studio 15
VisualStudioVersion = 15.0.27428.2043
MinimumVisualStudioVersion = 10.0.40219.1
Project("{FAE04EC0-301F-11D3-BF4B-00C04F79EFBC}") = "Arreglos", "Arreglos\Arreglos.csproj", "{89D05977-A75F-4801-9AE6-F0DA5BD36C65}"
EndProject
Global
	GlobalSection(SolutionConfigurationPlatforms) = preSolution
		Debug|Any CPU = Debug|Any CPU
		Release|Any CPU = Release|Any CPU
	EndGlobalSection
	GlobalSection(ProjectConfigurationPlatforms) = postSolution
		{89D05977-A75F-4801-9AE6-F0DA5BD36C65}.Debug|Any CPU.ActiveCfg = Debug|Any CPU
		{89D05977-A75F-4801-9AE6-F0DA5BD36C65}.Debug|Any CPU.Build.0 = Debug|Any CPU
		{89D05977-A75F-4801-9AE6-F0DA5BD36C65}.Release|Any CPU.ActiveCfg = Release|Any CPU
		{89D05977-A75F-4801-9AE6-F0DA5BD36C65}.Release|Any CPU.Build.0 = Release|Any CPU
	EndGlobalSection
	GlobalSection(SolutionProperties) = preSolution
		HideSolutionNode = FALSE
	EndGlobalSection
	GlobalSection(ExtensibilityGlobals) = postSolution
		SolutionGuid = {A648B845-D9F0-4DE4-9CE4-32EFFEB25C52}
	EndGlobalSection
EndGlobal
